
Microsoft Visual Studio Solution File, Format Version 12.00
# Visual Studio Version 17
VisualStudioVersion = 17.0.31919.166
MinimumVisualStudioVersion = 10.0.40219.1
Project("{FAE04EC0-301F-11D3-BF4B-00C04F79EFBC}") = "DataGrid3P", "DataGrid3P\DataGrid3P.csproj", "{9194B5BD-8816-4AC3-8912-3166554796F7}"
EndProject
Global
	GlobalSection(SolutionConfigurationPlatforms) = preSolution
		Debug|Any CPU = Debug|Any CPU
		Release|Any CPU = Release|Any CPU
	EndGlobalSection
	GlobalSection(ProjectConfigurationPlatforms) = postSolution
		{9194B5BD-8816-4AC3-8912-3166554796F7}.Debug|Any CPU.ActiveCfg = Debug|Any CPU
		{9194B5BD-8816-4AC3-8912-3166554796F7}.Debug|Any CPU.Build.0 = Debug|Any CPU
		{9194B5BD-8816-4AC3-8912-3166554796F7}.Release|Any CPU.ActiveCfg = Release|Any CPU
		{9194B5BD-8816-4AC3-8912-3166554796F7}.Release|Any CPU.Build.0 = Release|Any CPU
	EndGlobalSection
	GlobalSection(SolutionProperties) = preSolution
		HideSolutionNode = FALSE
	EndGlobalSection
	GlobalSection(ExtensibilityGlobals) = postSolution
		SolutionGuid = {50481662-476C-4D2D-952C-4C8EAE0960E0}
	EndGlobalSection
EndGlobal
